// !$*UTF8*$!
{
	archiveVersion = 1;
	classes = {
	};
	objectVersion = 46;
	objects = {

/* Begin PBXBuildFile section */
		3100E39C1871B1F500588BE3 /* BAPPMainViewController.m in Sources */ = {isa = PBXBuildFile; fileRef = 3100E39B1871B1F500588BE3 /* BAPPMainViewController.m */; };
		3100E39F1871B69500588BE3 /* BAPPTabBarController.m in Sources */ = {isa = PBXBuildFile; fileRef = 3100E39E1871B69400588BE3 /* BAPPTabBarController.m */; };
		3100E3A21871B85400588BE3 /* BAPPReportsListController.m in Sources */ = {isa = PBXBuildFile; fileRef = 3100E3A11871B85400588BE3 /* BAPPReportsListController.m */; };
		3100E3A51871C19200588BE3 /* BAPPReportViewController.m in Sources */ = {isa = PBXBuildFile; fileRef = 3100E3A41871C19200588BE3 /* BAPPReportViewController.m */; };
		3100E3A81871C4AC00588BE3 /* BAPPLogoutController.m in Sources */ = {isa = PBXBuildFile; fileRef = 3100E3A71871C4AC00588BE3 /* BAPPLogoutController.m */; };
		3100E3AB1871C63700588BE3 /* BAPPRegisterController.m in Sources */ = {isa = PBXBuildFile; fileRef = 3100E3AA1871C63700588BE3 /* BAPPRegisterController.m */; };
		3100E3AE1871C80700588BE3 /* BAPPMainNavigationController.m in Sources */ = {isa = PBXBuildFile; fileRef = 3100E3AD1871C80700588BE3 /* BAPPMainNavigationController.m */; };
		317B4BA61871AFAC00A6AEC7 /* Foundation.framework in Frameworks */ = {isa = PBXBuildFile; fileRef = 317B4BA51871AFAC00A6AEC7 /* Foundation.framework */; };
		317B4BA81871AFAC00A6AEC7 /* CoreGraphics.framework in Frameworks */ = {isa = PBXBuildFile; fileRef = 317B4BA71871AFAC00A6AEC7 /* CoreGraphics.framework */; };
		317B4BAA1871AFAC00A6AEC7 /* UIKit.framework in Frameworks */ = {isa = PBXBuildFile; fileRef = 317B4BA91871AFAC00A6AEC7 /* UIKit.framework */; };
		317B4BB01871AFAC00A6AEC7 /* InfoPlist.strings in Resources */ = {isa = PBXBuildFile; fileRef = 317B4BAE1871AFAC00A6AEC7 /* InfoPlist.strings */; };
		317B4BB21871AFAC00A6AEC7 /* main.m in Sources */ = {isa = PBXBuildFile; fileRef = 317B4BB11871AFAC00A6AEC7 /* main.m */; };
		317B4BB61871AFAC00A6AEC7 /* BAPPAppDelegate.m in Sources */ = {isa = PBXBuildFile; fileRef = 317B4BB51871AFAC00A6AEC7 /* BAPPAppDelegate.m */; };
		317B4BB91871AFAC00A6AEC7 /* Main_iPhone.storyboard in Resources */ = {isa = PBXBuildFile; fileRef = 317B4BB71871AFAC00A6AEC7 /* Main_iPhone.storyboard */; };
		317B4BBC1871AFAC00A6AEC7 /* Main_iPad.storyboard in Resources */ = {isa = PBXBuildFile; fileRef = 317B4BBA1871AFAC00A6AEC7 /* Main_iPad.storyboard */; };
		317B4BC11871AFAD00A6AEC7 /* Images.xcassets in Resources */ = {isa = PBXBuildFile; fileRef = 317B4BC01871AFAD00A6AEC7 /* Images.xcassets */; };
		31F069E918732CB400264610 /* BAPPIPadReportsListController.m in Sources */ = {isa = PBXBuildFile; fileRef = 31F069E818732CB400264610 /* BAPPIPadReportsListController.m */; };
		31F069EC18732FB500264610 /* BAPPIPadReportViewController.m in Sources */ = {isa = PBXBuildFile; fileRef = 31F069EB18732FB500264610 /* BAPPIPadReportViewController.m */; };
/* End PBXBuildFile section */

/* Begin PBXFileReference section */
		3100E39A1871B1F500588BE3 /* BAPPMainViewController.h */ = {isa = PBXFileReference; fileEncoding = 4; lastKnownFileType = sourcecode.c.h; path = BAPPMainViewController.h; sourceTree = "<group>"; };
		3100E39B1871B1F500588BE3 /* BAPPMainViewController.m */ = {isa = PBXFileReference; fileEncoding = 4; lastKnownFileType = sourcecode.c.objc; path = BAPPMainViewController.m; sourceTree = "<group>"; };
		3100E39D1871B69400588BE3 /* BAPPTabBarController.h */ = {isa = PBXFileReference; fileEncoding = 4; lastKnownFileType = sourcecode.c.h; path = BAPPTabBarController.h; sourceTree = "<group>"; };
		3100E39E1871B69400588BE3 /* BAPPTabBarController.m */ = {isa = PBXFileReference; fileEncoding = 4; lastKnownFileType = sourcecode.c.objc; path = BAPPTabBarController.m; sourceTree = "<group>"; };
		3100E3A01871B85400588BE3 /* BAPPReportsListController.h */ = {isa = PBXFileReference; fileEncoding = 4; lastKnownFileType = sourcecode.c.h; path = BAPPReportsListController.h; sourceTree = "<group>"; };
		3100E3A11871B85400588BE3 /* BAPPReportsListController.m */ = {isa = PBXFileReference; fileEncoding = 4; lastKnownFileType = sourcecode.c.objc; path = BAPPReportsListController.m; sourceTree = "<group>"; };
		3100E3A31871C19200588BE3 /* BAPPReportViewController.h */ = {isa = PBXFileReference; fileEncoding = 4; lastKnownFileType = sourcecode.c.h; path = BAPPReportViewController.h; sourceTree = "<group>"; };
		3100E3A41871C19200588BE3 /* BAPPReportViewController.m */ = {isa = PBXFileReference; fileEncoding = 4; lastKnownFileType = sourcecode.c.objc; path = BAPPReportViewController.m; sourceTree = "<group>"; };
		3100E3A61871C4AC00588BE3 /* BAPPLogoutController.h */ = {isa = PBXFileReference; fileEncoding = 4; lastKnownFileType = sourcecode.c.h; path = BAPPLogoutController.h; sourceTree = "<group>"; };
		3100E3A71871C4AC00588BE3 /* BAPPLogoutController.m */ = {isa = PBXFileReference; fileEncoding = 4; lastKnownFileType = sourcecode.c.objc; path = BAPPLogoutController.m; sourceTree = "<group>"; };
		3100E3A91871C63700588BE3 /* BAPPRegisterController.h */ = {isa = PBXFileReference; fileEncoding = 4; lastKnownFileType = sourcecode.c.h; path = BAPPRegisterController.h; sourceTree = "<group>"; };
		3100E3AA1871C63700588BE3 /* BAPPRegisterController.m */ = {isa = PBXFileReference; fileEncoding = 4; lastKnownFileType = sourcecode.c.objc; path = BAPPRegisterController.m; sourceTree = "<group>"; };
		3100E3AC1871C80700588BE3 /* BAPPMainNavigationController.h */ = {isa = PBXFileReference; fileEncoding = 4; lastKnownFileType = sourcecode.c.h; path = BAPPMainNavigationController.h; sourceTree = "<group>"; };
		3100E3AD1871C80700588BE3 /* BAPPMainNavigationController.m */ = {isa = PBXFileReference; fileEncoding = 4; lastKnownFileType = sourcecode.c.objc; path = BAPPMainNavigationController.m; sourceTree = "<group>"; };
		317B4BA21871AFAC00A6AEC7 /* Checkpartner.app */ = {isa = PBXFileReference; explicitFileType = wrapper.application; includeInIndex = 0; path = Checkpartner.app; sourceTree = BUILT_PRODUCTS_DIR; };
		317B4BA51871AFAC00A6AEC7 /* Foundation.framework */ = {isa = PBXFileReference; lastKnownFileType = wrapper.framework; name = Foundation.framework; path = System/Library/Frameworks/Foundation.framework; sourceTree = SDKROOT; };
		317B4BA71871AFAC00A6AEC7 /* CoreGraphics.framework */ = {isa = PBXFileReference; lastKnownFileType = wrapper.framework; name = CoreGraphics.framework; path = System/Library/Frameworks/CoreGraphics.framework; sourceTree = SDKROOT; };
		317B4BA91871AFAC00A6AEC7 /* UIKit.framework */ = {isa = PBXFileReference; lastKnownFileType = wrapper.framework; name = UIKit.framework; path = System/Library/Frameworks/UIKit.framework; sourceTree = SDKROOT; };
		317B4BAD1871AFAC00A6AEC7 /* Checkpartner-Info.plist */ = {isa = PBXFileReference; lastKnownFileType = text.plist.xml; path = "Checkpartner-Info.plist"; sourceTree = "<group>"; };
		317B4BAF1871AFAC00A6AEC7 /* en */ = {isa = PBXFileReference; lastKnownFileType = text.plist.strings; name = en; path = en.lproj/InfoPlist.strings; sourceTree = "<group>"; };
		317B4BB11871AFAC00A6AEC7 /* main.m */ = {isa = PBXFileReference; lastKnownFileType = sourcecode.c.objc; path = main.m; sourceTree = "<group>"; };
		317B4BB31871AFAC00A6AEC7 /* Checkpartner-Prefix.pch */ = {isa = PBXFileReference; lastKnownFileType = sourcecode.c.h; path = "Checkpartner-Prefix.pch"; sourceTree = "<group>"; };
		317B4BB41871AFAC00A6AEC7 /* BAPPAppDelegate.h */ = {isa = PBXFileReference; lastKnownFileType = sourcecode.c.h; path = BAPPAppDelegate.h; sourceTree = "<group>"; };
		317B4BB51871AFAC00A6AEC7 /* BAPPAppDelegate.m */ = {isa = PBXFileReference; lastKnownFileType = sourcecode.c.objc; path = BAPPAppDelegate.m; sourceTree = "<group>"; };
		317B4BB81871AFAC00A6AEC7 /* Base */ = {isa = PBXFileReference; lastKnownFileType = file.storyboard; name = Base; path = Base.lproj/Main_iPhone.storyboard; sourceTree = "<group>"; };
		317B4BBB1871AFAC00A6AEC7 /* Base */ = {isa = PBXFileReference; lastKnownFileType = file.storyboard; name = Base; path = Base.lproj/Main_iPad.storyboard; sourceTree = "<group>"; };
		317B4BC01871AFAD00A6AEC7 /* Images.xcassets */ = {isa = PBXFileReference; lastKnownFileType = folder.assetcatalog; path = Images.xcassets; sourceTree = "<group>"; };
		317B4BC71871AFAD00A6AEC7 /* XCTest.framework */ = {isa = PBXFileReference; lastKnownFileType = wrapper.framework; name = XCTest.framework; path = Library/Frameworks/XCTest.framework; sourceTree = DEVELOPER_DIR; };
		31F069E718732CB400264610 /* BAPPIPadReportsListController.h */ = {isa = PBXFileReference; fileEncoding = 4; lastKnownFileType = sourcecode.c.h; path = BAPPIPadReportsListController.h; sourceTree = "<group>"; };
		31F069E818732CB400264610 /* BAPPIPadReportsListController.m */ = {isa = PBXFileReference; fileEncoding = 4; lastKnownFileType = sourcecode.c.objc; path = BAPPIPadReportsListController.m; sourceTree = "<group>"; };
		31F069EA18732FB500264610 /* BAPPIPadReportViewController.h */ = {isa = PBXFileReference; fileEncoding = 4; lastKnownFileType = sourcecode.c.h; path = BAPPIPadReportViewController.h; sourceTree = "<group>"; };
		31F069EB18732FB500264610 /* BAPPIPadReportViewController.m */ = {isa = PBXFileReference; fileEncoding = 4; lastKnownFileType = sourcecode.c.objc; path = BAPPIPadReportViewController.m; sourceTree = "<group>"; };
/* End PBXFileReference section */

/* Begin PBXFrameworksBuildPhase section */
		317B4B9F1871AFAC00A6AEC7 /* Frameworks */ = {
			isa = PBXFrameworksBuildPhase;
			buildActionMask = 2147483647;
			files = (
				317B4BA81871AFAC00A6AEC7 /* CoreGraphics.framework in Frameworks */,
				317B4BAA1871AFAC00A6AEC7 /* UIKit.framework in Frameworks */,
				317B4BA61871AFAC00A6AEC7 /* Foundation.framework in Frameworks */,
			);
			runOnlyForDeploymentPostprocessing = 0;
		};
/* End PBXFrameworksBuildPhase section */

/* Begin PBXGroup section */
		317B4B991871AFAC00A6AEC7 = {
			isa = PBXGroup;
			children = (
				317B4BAB1871AFAC00A6AEC7 /* Checkpartner */,
				317B4BA41871AFAC00A6AEC7 /* Frameworks */,
				317B4BA31871AFAC00A6AEC7 /* Products */,
			);
			sourceTree = "<group>";
		};
		317B4BA31871AFAC00A6AEC7 /* Products */ = {
			isa = PBXGroup;
			children = (
				317B4BA21871AFAC00A6AEC7 /* Checkpartner.app */,
			);
			name = Products;
			sourceTree = "<group>";
		};
		317B4BA41871AFAC00A6AEC7 /* Frameworks */ = {
			isa = PBXGroup;
			children = (
				317B4BA51871AFAC00A6AEC7 /* Foundation.framework */,
				317B4BA71871AFAC00A6AEC7 /* CoreGraphics.framework */,
				317B4BA91871AFAC00A6AEC7 /* UIKit.framework */,
				317B4BC71871AFAD00A6AEC7 /* XCTest.framework */,
			);
			name = Frameworks;
			sourceTree = "<group>";
		};
		317B4BAB1871AFAC00A6AEC7 /* Checkpartner */ = {
			isa = PBXGroup;
			children = (
				31F069E618732C7B00264610 /* iPad */,
				317B4BB41871AFAC00A6AEC7 /* BAPPAppDelegate.h */,
				317B4BB51871AFAC00A6AEC7 /* BAPPAppDelegate.m */,
				317B4BB71871AFAC00A6AEC7 /* Main_iPhone.storyboard */,
				317B4BBA1871AFAC00A6AEC7 /* Main_iPad.storyboard */,
				317B4BC01871AFAD00A6AEC7 /* Images.xcassets */,
				317B4BAC1871AFAC00A6AEC7 /* Supporting Files */,
				3100E39A1871B1F500588BE3 /* BAPPMainViewController.h */,
				3100E39B1871B1F500588BE3 /* BAPPMainViewController.m */,
				3100E39D1871B69400588BE3 /* BAPPTabBarController.h */,
				3100E39E1871B69400588BE3 /* BAPPTabBarController.m */,
				3100E3A01871B85400588BE3 /* BAPPReportsListController.h */,
				3100E3A11871B85400588BE3 /* BAPPReportsListController.m */,
				3100E3A31871C19200588BE3 /* BAPPReportViewController.h */,
				3100E3A41871C19200588BE3 /* BAPPReportViewController.m */,
				3100E3A61871C4AC00588BE3 /* BAPPLogoutController.h */,
				3100E3A71871C4AC00588BE3 /* BAPPLogoutController.m */,
				3100E3A91871C63700588BE3 /* BAPPRegisterController.h */,
				3100E3AA1871C63700588BE3 /* BAPPRegisterController.m */,
				3100E3AC1871C80700588BE3 /* BAPPMainNavigationController.h */,
				3100E3AD1871C80700588BE3 /* BAPPMainNavigationController.m */,
			);
			path = Checkpartner;
			sourceTree = "<group>";
		};
		317B4BAC1871AFAC00A6AEC7 /* Supporting Files */ = {
			isa = PBXGroup;
			children = (
				317B4BAD1871AFAC00A6AEC7 /* Checkpartner-Info.plist */,
				317B4BAE1871AFAC00A6AEC7 /* InfoPlist.strings */,
				317B4BB11871AFAC00A6AEC7 /* main.m */,
				317B4BB31871AFAC00A6AEC7 /* Checkpartner-Prefix.pch */,
			);
			name = "Supporting Files";
			sourceTree = "<group>";
		};
		31F069E618732C7B00264610 /* iPad */ = {
			isa = PBXGroup;
			children = (
				31F069E718732CB400264610 /* BAPPIPadReportsListController.h */,
				31F069E818732CB400264610 /* BAPPIPadReportsListController.m */,
				31F069EA18732FB500264610 /* BAPPIPadReportViewController.h */,
				31F069EB18732FB500264610 /* BAPPIPadReportViewController.m */,
			);
			name = iPad;
			sourceTree = "<group>";
		};
/* End PBXGroup section */

/* Begin PBXNativeTarget section */
		317B4BA11871AFAC00A6AEC7 /* Checkpartner */ = {
			isa = PBXNativeTarget;
			buildConfigurationList = 317B4BD71871AFAD00A6AEC7 /* Build configuration list for PBXNativeTarget "Checkpartner" */;
			buildPhases = (
				317B4B9E1871AFAC00A6AEC7 /* Sources */,
				317B4B9F1871AFAC00A6AEC7 /* Frameworks */,
				317B4BA01871AFAC00A6AEC7 /* Resources */,
			);
			buildRules = (
			);
			dependencies = (
			);
			name = Checkpartner;
			productName = Checkpartner;
			productReference = 317B4BA21871AFAC00A6AEC7 /* Checkpartner.app */;
			productType = "com.apple.product-type.application";
		};
/* End PBXNativeTarget section */

/* Begin PBXProject section */
		317B4B9A1871AFAC00A6AEC7 /* Project object */ = {
			isa = PBXProject;
			attributes = {
				CLASSPREFIX = BAPP;
				LastUpgradeCheck = 0500;
			};
			buildConfigurationList = 317B4B9D1871AFAC00A6AEC7 /* Build configuration list for PBXProject "Checkpartner" */;
			compatibilityVersion = "Xcode 3.2";
			developmentRegion = English;
			hasScannedForEncodings = 0;
			knownRegions = (
				en,
				Base,
			);
			mainGroup = 317B4B991871AFAC00A6AEC7;
			productRefGroup = 317B4BA31871AFAC00A6AEC7 /* Products */;
			projectDirPath = "";
			projectRoot = "";
			targets = (
				317B4BA11871AFAC00A6AEC7 /* Checkpartner */,
			);
		};
/* End PBXProject section */

/* Begin PBXResourcesBuildPhase section */
		317B4BA01871AFAC00A6AEC7 /* Resources */ = {
			isa = PBXResourcesBuildPhase;
			buildActionMask = 2147483647;
			files = (
				317B4BBC1871AFAC00A6AEC7 /* Main_iPad.storyboard in Resources */,
				317B4BC11871AFAD00A6AEC7 /* Images.xcassets in Resources */,
				317B4BB91871AFAC00A6AEC7 /* Main_iPhone.storyboard in Resources */,
				317B4BB01871AFAC00A6AEC7 /* InfoPlist.strings in Resources */,
			);
			runOnlyForDeploymentPostprocessing = 0;
		};
/* End PBXResourcesBuildPhase section */

/* Begin PBXSourcesBuildPhase section */
		317B4B9E1871AFAC00A6AEC7 /* Sources */ = {
			isa = PBXSourcesBuildPhase;
			buildActionMask = 2147483647;
			files = (
				3100E3AE1871C80700588BE3 /* BAPPMainNavigationController.m in Sources */,
				3100E3A21871B85400588BE3 /* BAPPReportsListController.m in Sources */,
				3100E3A81871C4AC00588BE3 /* BAPPLogoutController.m in Sources */,
				3100E39F1871B69500588BE3 /* BAPPTabBarController.m in Sources */,
				317B4BB21871AFAC00A6AEC7 /* main.m in Sources */,
				3100E39C1871B1F500588BE3 /* BAPPMainViewController.m in Sources */,
				317B4BB61871AFAC00A6AEC7 /* BAPPAppDelegate.m in Sources */,
				3100E3A51871C19200588BE3 /* BAPPReportViewController.m in Sources */,
				31F069E918732CB400264610 /* BAPPIPadReportsListController.m in Sources */,
				3100E3AB1871C63700588BE3 /* BAPPRegisterController.m in Sources */,
				31F069EC18732FB500264610 /* BAPPIPadReportViewController.m in Sources */,
			);
			runOnlyForDeploymentPostprocessing = 0;
		};
/* End PBXSourcesBuildPhase section */

/* Begin PBXVariantGroup section */
		317B4BAE1871AFAC00A6AEC7 /* InfoPlist.strings */ = {
			isa = PBXVariantGroup;
			children = (
				317B4BAF1871AFAC00A6AEC7 /* en */,
			);
			name = InfoPlist.strings;
			sourceTree = "<group>";
		};
		317B4BB71871AFAC00A6AEC7 /* Main_iPhone.storyboard */ = {
			isa = PBXVariantGroup;
			children = (
				317B4BB81871AFAC00A6AEC7 /* Base */,
			);
			name = Main_iPhone.storyboard;
			sourceTree = "<group>";
		};
		317B4BBA1871AFAC00A6AEC7 /* Main_iPad.storyboard */ = {
			isa = PBXVariantGroup;
			children = (
				317B4BBB1871AFAC00A6AEC7 /* Base */,
			);
			name = Main_iPad.storyboard;
			sourceTree = "<group>";
		};
/* End PBXVariantGroup section */

/* Begin XCBuildConfiguration section */
		317B4BD51871AFAD00A6AEC7 /* Debug */ = {
			isa = XCBuildConfiguration;
			buildSettings = {
				ALWAYS_SEARCH_USER_PATHS = NO;
				ARCHS = "$(ARCHS_STANDARD_INCLUDING_64_BIT)";
				CLANG_CXX_LANGUAGE_STANDARD = "gnu++0x";
				CLANG_CXX_LIBRARY = "libc++";
				CLANG_ENABLE_MODULES = YES;
				CLANG_ENABLE_OBJC_ARC = YES;
				CLANG_WARN_BOOL_CONVERSION = YES;
				CLANG_WARN_CONSTANT_CONVERSION = YES;
				CLANG_WARN_DIRECT_OBJC_ISA_USAGE = YES_ERROR;
				CLANG_WARN_EMPTY_BODY = YES;
				CLANG_WARN_ENUM_CONVERSION = YES;
				CLANG_WARN_INT_CONVERSION = YES;
				CLANG_WARN_OBJC_ROOT_CLASS = YES_ERROR;
				CLANG_WARN__DUPLICATE_METHOD_MATCH = YES;
				"CODE_SIGN_IDENTITY[sdk=iphoneos*]" = "iPhone Developer";
				COPY_PHASE_STRIP = NO;
				GCC_C_LANGUAGE_STANDARD = gnu99;
				GCC_DYNAMIC_NO_PIC = NO;
				GCC_OPTIMIZATION_LEVEL = 0;
				GCC_PREPROCESSOR_DEFINITIONS = (
					"DEBUG=1",
					"$(inherited)",
				);
				GCC_SYMBOLS_PRIVATE_EXTERN = NO;
				GCC_WARN_64_TO_32_BIT_CONVERSION = YES;
				GCC_WARN_ABOUT_RETURN_TYPE = YES_ERROR;
				GCC_WARN_UNDECLARED_SELECTOR = YES;
				GCC_WARN_UNINITIALIZED_AUTOS = YES;
				GCC_WARN_UNUSED_FUNCTION = YES;
				GCC_WARN_UNUSED_VARIABLE = YES;
				IPHONEOS_DEPLOYMENT_TARGET = 5.0;
				ONLY_ACTIVE_ARCH = YES;
				SDKROOT = iphoneos;
				TARGETED_DEVICE_FAMILY = "1,2";
			};
			name = Debug;
		};
		317B4BD61871AFAD00A6AEC7 /* Release */ = {
			isa = XCBuildConfiguration;
			buildSettings = {
				ALWAYS_SEARCH_USER_PATHS = NO;
				ARCHS = "$(ARCHS_STANDARD_INCLUDING_64_BIT)";
				CLANG_CXX_LANGUAGE_STANDARD = "gnu++0x";
				CLANG_CXX_LIBRARY = "libc++";
				CLANG_ENABLE_MODULES = YES;
				CLANG_ENABLE_OBJC_ARC = YES;
				CLANG_WARN_BOOL_CONVERSION = YES;
				CLANG_WARN_CONSTANT_CONVERSION = YES;
				CLANG_WARN_DIRECT_OBJC_ISA_USAGE = YES_ERROR;
				CLANG_WARN_EMPTY_BODY = YES;
				CLANG_WARN_ENUM_CONVERSION = YES;
				CLANG_WARN_INT_CONVERSION = YES;
				CLANG_WARN_OBJC_ROOT_CLASS = YES_ERROR;
				CLANG_WARN__DUPLICATE_METHOD_MATCH = YES;
				"CODE_SIGN_IDENTITY[sdk=iphoneos*]" = "iPhone Developer";
				COPY_PHASE_STRIP = YES;
				ENABLE_NS_ASSERTIONS = NO;
				GCC_C_LANGUAGE_STANDARD = gnu99;
				GCC_WARN_64_TO_32_BIT_CONVERSION = YES;
				GCC_WARN_ABOUT_RETURN_TYPE = YES_ERROR;
				GCC_WARN_UNDECLARED_SELECTOR = YES;
				GCC_WARN_UNINITIALIZED_AUTOS = YES;
				GCC_WARN_UNUSED_FUNCTION = YES;
				GCC_WARN_UNUSED_VARIABLE = YES;
				IPHONEOS_DEPLOYMENT_TARGET = 5.0;
				SDKROOT = iphoneos;
				TARGETED_DEVICE_FAMILY = "1,2";
				VALIDATE_PRODUCT = YES;
			};
			name = Release;
		};
		317B4BD81871AFAD00A6AEC7 /* Debug */ = {
			isa = XCBuildConfiguration;
			buildSettings = {
				ASSETCATALOG_COMPILER_APPICON_NAME = AppIcon;
				ASSETCATALOG_COMPILER_LAUNCHIMAGE_NAME = LaunchImage;
				GCC_PRECOMPILE_PREFIX_HEADER = YES;
				GCC_PREFIX_HEADER = "Checkpartner/Checkpartner-Prefix.pch";
				INFOPLIST_FILE = "Checkpartner/Checkpartner-Info.plist";
				IPHONEOS_DEPLOYMENT_TARGET = 6.0;
				PRODUCT_NAME = "$(TARGET_NAME)";
				WRAPPER_EXTENSION = app;
			};
			name = Debug;
		};
		317B4BD91871AFAD00A6AEC7 /* Release */ = {
			isa = XCBuildConfiguration;
			buildSettings = {
				ASSETCATALOG_COMPILER_APPICON_NAME = AppIcon;
				ASSETCATALOG_COMPILER_LAUNCHIMAGE_NAME = LaunchImage;
				GCC_PRECOMPILE_PREFIX_HEADER = YES;
				GCC_PREFIX_HEADER = "Checkpartner/Checkpartner-Prefix.pch";
				INFOPLIST_FILE = "Checkpartner/Checkpartner-Info.plist";
				IPHONEOS_DEPLOYMENT_TARGET = 6.0;
				PRODUCT_NAME = "$(TARGET_NAME)";
				WRAPPER_EXTENSION = app;
			};
			name = Release;
		};
/* End XCBuildConfiguration section */

/* Begin XCConfigurationList section */
		317B4B9D1871AFAC00A6AEC7 /* Build configuration list for PBXProject "Checkpartner" */ = {
			isa = XCConfigurationList;
			buildConfigurations = (
				317B4BD51871AFAD00A6AEC7 /* Debug */,
				317B4BD61871AFAD00A6AEC7 /* Release */,
			);
			defaultConfigurationIsVisible = 0;
			defaultConfigurationName = Release;
		};
		317B4BD71871AFAD00A6AEC7 /* Build configuration list for PBXNativeTarget "Checkpartner" */ = {
			isa = XCConfigurationList;
			buildConfigurations = (
				317B4BD81871AFAD00A6AEC7 /* Debug */,
				317B4BD91871AFAD00A6AEC7 /* Release */,
			);
			defaultConfigurationIsVisible = 0;
			defaultConfigurationName = Release;
		};
/* End XCConfigurationList section */
	};
	rootObject = 317B4B9A1871AFAC00A6AEC7 /* Project object */;
}
